
Microsoft Visual Studio Solution File, Format Version 12.00
# Visual Studio Version 17
VisualStudioVersion = 17.8.34601.278
MinimumVisualStudioVersion = 10.0.40219.1
Project("{9A19103F-16F7-4668-BE54-9A1E7A4F7556}") = "ProductsCatalog.Infrastructure", "ProductsCatalog.Infrastructure\ProductsCatalog.Infrastructure.csproj", "{B0ED1660-A68B-4EE1-AEFC-BC35A0A3BC2A}"
EndProject
Project("{9A19103F-16F7-4668-BE54-9A1E7A4F7556}") = "ProductsCatalog.Models", "ProductsCatalog.Models\ProductsCatalog.Models.csproj", "{A67B34D6-0B3E-46E9-B29B-CA2A2389B9F5}"
EndProject
Project("{FAE04EC0-301F-11D3-BF4B-00C04F79EFBC}") = "ProductsCatalog.PresentationGUI", "ProductsCatalog.PresentationGUI\ProductsCatalog.PresentationGUI.csproj", "{FA789623-A9E2-4483-BDED-8320484B065B}"
EndProject
Global
	GlobalSection(SolutionConfigurationPlatforms) = preSolution
		Debug|Any CPU = Debug|Any CPU
		Release|Any CPU = Release|Any CPU
	EndGlobalSection
	GlobalSection(ProjectConfigurationPlatforms) = postSolution
		{B0ED1660-A68B-4EE1-AEFC-BC35A0A3BC2A}.Debug|Any CPU.ActiveCfg = Debug|Any CPU
		{B0ED1660-A68B-4EE1-AEFC-BC35A0A3BC2A}.Debug|Any CPU.Build.0 = Debug|Any CPU
		{B0ED1660-A68B-4EE1-AEFC-BC35A0A3BC2A}.Release|Any CPU.ActiveCfg = Release|Any CPU
		{B0ED1660-A68B-4EE1-AEFC-BC35A0A3BC2A}.Release|Any CPU.Build.0 = Release|Any CPU
		{A67B34D6-0B3E-46E9-B29B-CA2A2389B9F5}.Debug|Any CPU.ActiveCfg = Debug|Any CPU
		{A67B34D6-0B3E-46E9-B29B-CA2A2389B9F5}.Debug|Any CPU.Build.0 = Debug|Any CPU
		{A67B34D6-0B3E-46E9-B29B-CA2A2389B9F5}.Release|Any CPU.ActiveCfg = Release|Any CPU
		{A67B34D6-0B3E-46E9-B29B-CA2A2389B9F5}.Release|Any CPU.Build.0 = Release|Any CPU
		{FA789623-A9E2-4483-BDED-8320484B065B}.Debug|Any CPU.ActiveCfg = Debug|Any CPU
		{FA789623-A9E2-4483-BDED-8320484B065B}.Debug|Any CPU.Build.0 = Debug|Any CPU
		{FA789623-A9E2-4483-BDED-8320484B065B}.Release|Any CPU.ActiveCfg = Release|Any CPU
		{FA789623-A9E2-4483-BDED-8320484B065B}.Release|Any CPU.Build.0 = Release|Any CPU
	EndGlobalSection
	GlobalSection(SolutionProperties) = preSolution
		HideSolutionNode = FALSE
	EndGlobalSection
	GlobalSection(ExtensibilityGlobals) = postSolution
		SolutionGuid = {A732639B-4C1C-46EF-928C-C906FD884785}
	EndGlobalSection
EndGlobal
